
Microsoft Visual Studio Solution File, Format Version 12.00
# Visual Studio Version 17
VisualStudioVersion = 17.7.34221.43
MinimumVisualStudioVersion = 10.0.40219.1
Project("{FAE04EC0-301F-11D3-BF4B-00C04F79EFBC}") = "Garage2.0", "Garage2.0.csproj", "{CF945F3F-F147-4A85-8C8D-FB42878EC7EE}"
EndProject
Global
	GlobalSection(SolutionConfigurationPlatforms) = preSolution
		Debug|Any CPU = Debug|Any CPU
		Release|Any CPU = Release|Any CPU
	EndGlobalSection
	GlobalSection(ProjectConfigurationPlatforms) = postSolution
		{CF945F3F-F147-4A85-8C8D-FB42878EC7EE}.Debug|Any CPU.ActiveCfg = Debug|Any CPU
		{CF945F3F-F147-4A85-8C8D-FB42878EC7EE}.Debug|Any CPU.Build.0 = Debug|Any CPU
		{CF945F3F-F147-4A85-8C8D-FB42878EC7EE}.Release|Any CPU.ActiveCfg = Release|Any CPU
		{CF945F3F-F147-4A85-8C8D-FB42878EC7EE}.Release|Any CPU.Build.0 = Release|Any CPU
	EndGlobalSection
	GlobalSection(SolutionProperties) = preSolution
		HideSolutionNode = FALSE
	EndGlobalSection
	GlobalSection(ExtensibilityGlobals) = postSolution
		SolutionGuid = {F0341F41-5F57-4657-9EED-D89B9CAEC0D4}
	EndGlobalSection
EndGlobal
